# This file is automatically @generated by Cargo.
# It is not intended for manual editing.
version = 4

[[package]]
name = "log"
version = "0.4.27"
source = "registry+https://github.com/rust-lang/crates.io-index"
checksum = "13dc2df351e3202783a1fe0d44375f7295ffb4049267b0f3018346dc122a1d94"

[[package]]
name = "simple-sqlparser"
version = "0.1.0"
dependencies = [
 "sqlparser",
]

[[package]]
name = "sqlparser"
version = "0.47.0"
source = "registry+https://github.com/rust-lang/crates.io-index"
checksum = "295e9930cd7a97e58ca2a070541a3ca502b17f5d1fa7157376d0fabd85324f25"
dependencies = [
 "log",
]
